
Microsoft Visual Studio Solution File, Format Version 12.00
# Visual Studio Version 17
VisualStudioVersion = 17.2.32616.157
MinimumVisualStudioVersion = 10.0.40219.1
Project("{9A19103F-16F7-4668-BE54-9A1E7A4F7556}") = "FreelaAPI", "FreelaAPI\FreelaAPI.csproj", "{92673713-A093-4040-956A-AA5037E5EDF0}"
EndProject
Project("{FAE04EC0-301F-11D3-BF4B-00C04F79EFBC}") = "Freela.Application", "Freela.Application\Freela.Application.csproj", "{D126B719-B719-4704-A122-8DEEDD89B066}"
EndProject
Project("{FAE04EC0-301F-11D3-BF4B-00C04F79EFBC}") = "Freela.Domain", "Freela.Domain\Freela.Domain.csproj", "{D53A49F3-1ECB-4BEB-8598-FCFE585EB75E}"
EndProject
Project("{FAE04EC0-301F-11D3-BF4B-00C04F79EFBC}") = "Freela.Persistence", "Freela.Persistence\Freela.Persistence.csproj", "{F3B84444-5941-4657-88EC-91DD0778238C}"
EndProject
Project("{FAE04EC0-301F-11D3-BF4B-00C04F79EFBC}") = "Freela.Website", "Freela.Website\Freela.Website.csproj", "{6A0D4F2E-F702-4471-A157-C939A962E2E2}"
EndProject
Global
	GlobalSection(SolutionConfigurationPlatforms) = preSolution
		Debug|Any CPU = Debug|Any CPU
		Release|Any CPU = Release|Any CPU
	EndGlobalSection
	GlobalSection(ProjectConfigurationPlatforms) = postSolution
		{92673713-A093-4040-956A-AA5037E5EDF0}.Debug|Any CPU.ActiveCfg = Debug|Any CPU
		{92673713-A093-4040-956A-AA5037E5EDF0}.Debug|Any CPU.Build.0 = Debug|Any CPU
		{92673713-A093-4040-956A-AA5037E5EDF0}.Release|Any CPU.ActiveCfg = Release|Any CPU
		{92673713-A093-4040-956A-AA5037E5EDF0}.Release|Any CPU.Build.0 = Release|Any CPU
		{D126B719-B719-4704-A122-8DEEDD89B066}.Debug|Any CPU.ActiveCfg = Debug|Any CPU
		{D126B719-B719-4704-A122-8DEEDD89B066}.Debug|Any CPU.Build.0 = Debug|Any CPU
		{D126B719-B719-4704-A122-8DEEDD89B066}.Release|Any CPU.ActiveCfg = Release|Any CPU
		{D126B719-B719-4704-A122-8DEEDD89B066}.Release|Any CPU.Build.0 = Release|Any CPU
		{D53A49F3-1ECB-4BEB-8598-FCFE585EB75E}.Debug|Any CPU.ActiveCfg = Debug|Any CPU
		{D53A49F3-1ECB-4BEB-8598-FCFE585EB75E}.Debug|Any CPU.Build.0 = Debug|Any CPU
		{D53A49F3-1ECB-4BEB-8598-FCFE585EB75E}.Release|Any CPU.ActiveCfg = Release|Any CPU
		{D53A49F3-1ECB-4BEB-8598-FCFE585EB75E}.Release|Any CPU.Build.0 = Release|Any CPU
		{F3B84444-5941-4657-88EC-91DD0778238C}.Debug|Any CPU.ActiveCfg = Debug|Any CPU
		{F3B84444-5941-4657-88EC-91DD0778238C}.Debug|Any CPU.Build.0 = Debug|Any CPU
		{F3B84444-5941-4657-88EC-91DD0778238C}.Release|Any CPU.ActiveCfg = Release|Any CPU
		{F3B84444-5941-4657-88EC-91DD0778238C}.Release|Any CPU.Build.0 = Release|Any CPU
		{6A0D4F2E-F702-4471-A157-C939A962E2E2}.Debug|Any CPU.ActiveCfg = Debug|Any CPU
		{6A0D4F2E-F702-4471-A157-C939A962E2E2}.Debug|Any CPU.Build.0 = Debug|Any CPU
		{6A0D4F2E-F702-4471-A157-C939A962E2E2}.Release|Any CPU.ActiveCfg = Release|Any CPU
		{6A0D4F2E-F702-4471-A157-C939A962E2E2}.Release|Any CPU.Build.0 = Release|Any CPU
	EndGlobalSection
	GlobalSection(SolutionProperties) = preSolution
		HideSolutionNode = FALSE
	EndGlobalSection
	GlobalSection(ExtensibilityGlobals) = postSolution
		SolutionGuid = {AABDD76B-A605-4737-8A48-36974959A10E}
	EndGlobalSection
EndGlobal
